{
    "name": "Two Pines",
    "version": "1.0.0",
    "lockfileVersion": 1,
    "requires": true,
    "dependencies": {
        "@northwalker/vue-hotel-datepicker": {
            "version": "2.0.1",
            "resolved": "https://registry.npmjs.org/@northwalker/vue-hotel-datepicker/-/vue-hotel-datepicker-2.0.1.tgz",
            "integrity": "sha512-TFfflVaNRo8h9ejZwjmK+SoqT231Hxx1S2O3/sokTmYA5J8z7/xJK5XORRUpM+HGkfsca5XRousb4WCi8h0iEQ=="
        }
    }
}
